// !$*UTF8*$!
{
	archiveVersion = 1;
	classes = {
	};
	objectVersion = 55;
	objects = {

/* Begin PBXBuildFile section */
		F9463D2B27AF324A00323B3F /* HomeView.swift in Sources */ = {isa = PBXBuildFile; fileRef = F9463D2A27AF324A00323B3F /* HomeView.swift */; };
		F9463D2D27AF326300323B3F /* OnBoadingView.swift in Sources */ = {isa = PBXBuildFile; fileRef = F9463D2C27AF326300323B3F /* OnBoadingView.swift */; };
		F9463D3027B0753100323B3F /* CircleGroupView.swift in Sources */ = {isa = PBXBuildFile; fileRef = F9463D2F27B0753100323B3F /* CircleGroupView.swift */; };
		F96239AE27A5F16A003C0B73 /* RestartAppApp.swift in Sources */ = {isa = PBXBuildFile; fileRef = F96239AD27A5F16A003C0B73 /* RestartAppApp.swift */; };
		F96239B027A5F16A003C0B73 /* ContentView.swift in Sources */ = {isa = PBXBuildFile; fileRef = F96239AF27A5F16A003C0B73 /* ContentView.swift */; };
		F96239B227A5F16B003C0B73 /* Assets.xcassets in Resources */ = {isa = PBXBuildFile; fileRef = F96239B127A5F16B003C0B73 /* Assets.xcassets */; };
		F96239B527A5F16B003C0B73 /* Preview Assets.xcassets in Resources */ = {isa = PBXBuildFile; fileRef = F96239B427A5F16B003C0B73 /* Preview Assets.xcassets */; };
		F96239BF27A5F16B003C0B73 /* RestartAppTests.swift in Sources */ = {isa = PBXBuildFile; fileRef = F96239BE27A5F16B003C0B73 /* RestartAppTests.swift */; };
		F96239C927A5F16B003C0B73 /* RestartAppUITests.swift in Sources */ = {isa = PBXBuildFile; fileRef = F96239C827A5F16B003C0B73 /* RestartAppUITests.swift */; };
		F96239CB27A5F16B003C0B73 /* RestartAppUITestsLaunchTests.swift in Sources */ = {isa = PBXBuildFile; fileRef = F96239CA27A5F16B003C0B73 /* RestartAppUITestsLaunchTests.swift */; };
		F96239D927A5F2FC003C0B73 /* success.m4a in Resources */ = {isa = PBXBuildFile; fileRef = F96239D727A5F2FC003C0B73 /* success.m4a */; };
		F96239DA27A5F2FC003C0B73 /* chimeup.mp3 in Resources */ = {isa = PBXBuildFile; fileRef = F96239D827A5F2FC003C0B73 /* chimeup.mp3 */; };
		F9E81D7327C34B6C0070944A /* AudioPlayer.swift in Sources */ = {isa = PBXBuildFile; fileRef = F9E81D7227C34B6C0070944A /* AudioPlayer.swift */; };
/* End PBXBuildFile section */

/* Begin PBXContainerItemProxy section */
		F96239BB27A5F16B003C0B73 /* PBXContainerItemProxy */ = {
			isa = PBXContainerItemProxy;
			containerPortal = F96239A227A5F16A003C0B73 /* Project object */;
			proxyType = 1;
			remoteGlobalIDString = F96239A927A5F16A003C0B73;
			remoteInfo = RestartApp;
		};
		F96239C527A5F16B003C0B73 /* PBXContainerItemProxy */ = {
			isa = PBXContainerItemProxy;
			containerPortal = F96239A227A5F16A003C0B73 /* Project object */;
			proxyType = 1;
			remoteGlobalIDString = F96239A927A5F16A003C0B73;
			remoteInfo = RestartApp;
		};
/* End PBXContainerItemProxy section */

/* Begin PBXFileReference section */
		F9463D2A27AF324A00323B3F /* HomeView.swift */ = {isa = PBXFileReference; lastKnownFileType = sourcecode.swift; path = HomeView.swift; sourceTree = "<group>"; };
		F9463D2C27AF326300323B3F /* OnBoadingView.swift */ = {isa = PBXFileReference; lastKnownFileType = sourcecode.swift; path = OnBoadingView.swift; sourceTree = "<group>"; };
		F9463D2E27B0526900323B3F /* Info.plist */ = {isa = PBXFileReference; lastKnownFileType = text.plist; path = Info.plist; sourceTree = "<group>"; };
		F9463D2F27B0753100323B3F /* CircleGroupView.swift */ = {isa = PBXFileReference; lastKnownFileType = sourcecode.swift; path = CircleGroupView.swift; sourceTree = "<group>"; };
		F96239AA27A5F16A003C0B73 /* RestartApp.app */ = {isa = PBXFileReference; explicitFileType = wrapper.application; includeInIndex = 0; path = RestartApp.app; sourceTree = BUILT_PRODUCTS_DIR; };
		F96239AD27A5F16A003C0B73 /* RestartAppApp.swift */ = {isa = PBXFileReference; lastKnownFileType = sourcecode.swift; path = RestartAppApp.swift; sourceTree = "<group>"; };
		F96239AF27A5F16A003C0B73 /* ContentView.swift */ = {isa = PBXFileReference; lastKnownFileType = sourcecode.swift; path = ContentView.swift; sourceTree = "<group>"; };
		F96239B127A5F16B003C0B73 /* Assets.xcassets */ = {isa = PBXFileReference; lastKnownFileType = folder.assetcatalog; path = Assets.xcassets; sourceTree = "<group>"; };
		F96239B427A5F16B003C0B73 /* Preview Assets.xcassets */ = {isa = PBXFileReference; lastKnownFileType = folder.assetcatalog; path = "Preview Assets.xcassets"; sourceTree = "<group>"; };
		F96239BA27A5F16B003C0B73 /* RestartAppTests.xctest */ = {isa = PBXFileReference; explicitFileType = wrapper.cfbundle; includeInIndex = 0; path = RestartAppTests.xctest; sourceTree = BUILT_PRODUCTS_DIR; };
		F96239BE27A5F16B003C0B73 /* RestartAppTests.swift */ = {isa = PBXFileReference; lastKnownFileType = sourcecode.swift; path = RestartAppTests.swift; sourceTree = "<group>"; };
		F96239C427A5F16B003C0B73 /* RestartAppUITests.xctest */ = {isa = PBXFileReference; explicitFileType = wrapper.cfbundle; includeInIndex = 0; path = RestartAppUITests.xctest; sourceTree = BUILT_PRODUCTS_DIR; };
		F96239C827A5F16B003C0B73 /* RestartAppUITests.swift */ = {isa = PBXFileReference; lastKnownFileType = sourcecode.swift; path = RestartAppUITests.swift; sourceTree = "<group>"; };
		F96239CA27A5F16B003C0B73 /* RestartAppUITestsLaunchTests.swift */ = {isa = PBXFileReference; lastKnownFileType = sourcecode.swift; path = RestartAppUITestsLaunchTests.swift; sourceTree = "<group>"; };
		F96239D727A5F2FC003C0B73 /* success.m4a */ = {isa = PBXFileReference; lastKnownFileType = file; path = success.m4a; sourceTree = "<group>"; };
		F96239D827A5F2FC003C0B73 /* chimeup.mp3 */ = {isa = PBXFileReference; lastKnownFileType = audio.mp3; path = chimeup.mp3; sourceTree = "<group>"; };
		F9E81D7227C34B6C0070944A /* AudioPlayer.swift */ = {isa = PBXFileReference; lastKnownFileType = sourcecode.swift; path = AudioPlayer.swift; sourceTree = "<group>"; };
/* End PBXFileReference section */

/* Begin PBXFrameworksBuildPhase section */
		F96239A727A5F16A003C0B73 /* Frameworks */ = {
			isa = PBXFrameworksBuildPhase;
			buildActionMask = 2147483647;
			files = (
			);
			runOnlyForDeploymentPostprocessing = 0;
		};
		F96239B727A5F16B003C0B73 /* Frameworks */ = {
			isa = PBXFrameworksBuildPhase;
			buildActionMask = 2147483647;
			files = (
			);
			runOnlyForDeploymentPostprocessing = 0;
		};
		F96239C127A5F16B003C0B73 /* Frameworks */ = {
			isa = PBXFrameworksBuildPhase;
			buildActionMask = 2147483647;
			files = (
			);
			runOnlyForDeploymentPostprocessing = 0;
		};
/* End PBXFrameworksBuildPhase section */

/* Begin PBXGroup section */
		F9463D2727AF320400323B3F /* Screens */ = {
			isa = PBXGroup;
			children = (
				F96239AF27A5F16A003C0B73 /* ContentView.swift */,
				F9463D2A27AF324A00323B3F /* HomeView.swift */,
				F9463D2C27AF326300323B3F /* OnBoadingView.swift */,
			);
			path = Screens;
			sourceTree = "<group>";
		};
		F9463D2827AF321700323B3F /* Utils */ = {
			isa = PBXGroup;
			children = (
				F9E81D7227C34B6C0070944A /* AudioPlayer.swift */,
			);
			path = Utils;
			sourceTree = "<group>";
		};
		F9463D2927AF322400323B3F /* Views */ = {
			isa = PBXGroup;
			children = (
				F9463D2F27B0753100323B3F /* CircleGroupView.swift */,
			);
			path = Views;
			sourceTree = "<group>";
		};
		F96239A127A5F16A003C0B73 = {
			isa = PBXGroup;
			children = (
				F96239AC27A5F16A003C0B73 /* RestartApp */,
				F96239BD27A5F16B003C0B73 /* RestartAppTests */,
				F96239C727A5F16B003C0B73 /* RestartAppUITests */,
				F96239AB27A5F16A003C0B73 /* Products */,
			);
			sourceTree = "<group>";
		};
		F96239AB27A5F16A003C0B73 /* Products */ = {
			isa = PBXGroup;
			children = (
				F96239AA27A5F16A003C0B73 /* RestartApp.app */,
				F96239BA27A5F16B003C0B73 /* RestartAppTests.xctest */,
				F96239C427A5F16B003C0B73 /* RestartAppUITests.xctest */,
			);
			name = Products;
			sourceTree = "<group>";
		};
		F96239AC27A5F16A003C0B73 /* RestartApp */ = {
			isa = PBXGroup;
			children = (
				F9463D2E27B0526900323B3F /* Info.plist */,
				F9463D2927AF322400323B3F /* Views */,
				F9463D2827AF321700323B3F /* Utils */,
				F9463D2727AF320400323B3F /* Screens */,
				F96239DB27A5F301003C0B73 /* Sounds */,
				F96239AD27A5F16A003C0B73 /* RestartAppApp.swift */,
				F96239B127A5F16B003C0B73 /* Assets.xcassets */,
				F96239B327A5F16B003C0B73 /* Preview Content */,
			);
			path = RestartApp;
			sourceTree = "<group>";
		};
		F96239B327A5F16B003C0B73 /* Preview Content */ = {
			isa = PBXGroup;
			children = (
				F96239B427A5F16B003C0B73 /* Preview Assets.xcassets */,
			);
			path = "Preview Content";
			sourceTree = "<group>";
		};
		F96239BD27A5F16B003C0B73 /* RestartAppTests */ = {
			isa = PBXGroup;
			children = (
				F96239BE27A5F16B003C0B73 /* RestartAppTests.swift */,
			);
			path = RestartAppTests;
			sourceTree = "<group>";
		};
		F96239C727A5F16B003C0B73 /* RestartAppUITests */ = {
			isa = PBXGroup;
			children = (
				F96239C827A5F16B003C0B73 /* RestartAppUITests.swift */,
				F96239CA27A5F16B003C0B73 /* RestartAppUITestsLaunchTests.swift */,
			);
			path = RestartAppUITests;
			sourceTree = "<group>";
		};
		F96239DB27A5F301003C0B73 /* Sounds */ = {
			isa = PBXGroup;
			children = (
				F96239D827A5F2FC003C0B73 /* chimeup.mp3 */,
				F96239D727A5F2FC003C0B73 /* success.m4a */,
			);
			path = Sounds;
			sourceTree = "<group>";
		};
/* End PBXGroup section */

/* Begin PBXNativeTarget section */
		F96239A927A5F16A003C0B73 /* RestartApp */ = {
			isa = PBXNativeTarget;
			buildConfigurationList = F96239CE27A5F16B003C0B73 /* Build configuration list for PBXNativeTarget "RestartApp" */;
			buildPhases = (
				F96239A627A5F16A003C0B73 /* Sources */,
				F96239A727A5F16A003C0B73 /* Frameworks */,
				F96239A827A5F16A003C0B73 /* Resources */,
			);
			buildRules = (
			);
			dependencies = (
			);
			name = RestartApp;
			productName = RestartApp;
			productReference = F96239AA27A5F16A003C0B73 /* RestartApp.app */;
			productType = "com.apple.product-type.application";
		};
		F96239B927A5F16B003C0B73 /* RestartAppTests */ = {
			isa = PBXNativeTarget;
			buildConfigurationList = F96239D127A5F16B003C0B73 /* Build configuration list for PBXNativeTarget "RestartAppTests" */;
			buildPhases = (
				F96239B627A5F16B003C0B73 /* Sources */,
				F96239B727A5F16B003C0B73 /* Frameworks */,
				F96239B827A5F16B003C0B73 /* Resources */,
			);
			buildRules = (
			);
			dependencies = (
				F96239BC27A5F16B003C0B73 /* PBXTargetDependency */,
			);
			name = RestartAppTests;
			productName = RestartAppTests;
			productReference = F96239BA27A5F16B003C0B73 /* RestartAppTests.xctest */;
			productType = "com.apple.product-type.bundle.unit-test";
		};
		F96239C327A5F16B003C0B73 /* RestartAppUITests */ = {
			isa = PBXNativeTarget;
			buildConfigurationList = F96239D427A5F16B003C0B73 /* Build configuration list for PBXNativeTarget "RestartAppUITests" */;
			buildPhases = (
				F96239C027A5F16B003C0B73 /* Sources */,
				F96239C127A5F16B003C0B73 /* Frameworks */,
				F96239C227A5F16B003C0B73 /* Resources */,
			);
			buildRules = (
			);
			dependencies = (
				F96239C627A5F16B003C0B73 /* PBXTargetDependency */,
			);
			name = RestartAppUITests;
			productName = RestartAppUITests;
			productReference = F96239C427A5F16B003C0B73 /* RestartAppUITests.xctest */;
			productType = "com.apple.product-type.bundle.ui-testing";
		};
/* End PBXNativeTarget section */

/* Begin PBXProject section */
		F96239A227A5F16A003C0B73 /* Project object */ = {
			isa = PBXProject;
			attributes = {
				BuildIndependentTargetsInParallel = 1;
				LastSwiftUpdateCheck = 1320;
				LastUpgradeCheck = 1320;
				TargetAttributes = {
					F96239A927A5F16A003C0B73 = {
						CreatedOnToolsVersion = 13.2.1;
					};
					F96239B927A5F16B003C0B73 = {
						CreatedOnToolsVersion = 13.2.1;
						TestTargetID = F96239A927A5F16A003C0B73;
					};
					F96239C327A5F16B003C0B73 = {
						CreatedOnToolsVersion = 13.2.1;
						TestTargetID = F96239A927A5F16A003C0B73;
					};
				};
			};
			buildConfigurationList = F96239A527A5F16A003C0B73 /* Build configuration list for PBXProject "RestartApp" */;
			compatibilityVersion = "Xcode 13.0";
			developmentRegion = en;
			hasScannedForEncodings = 0;
			knownRegions = (
				en,
				Base,
			);
			mainGroup = F96239A127A5F16A003C0B73;
			productRefGroup = F96239AB27A5F16A003C0B73 /* Products */;
			projectDirPath = "";
			projectRoot = "";
			targets = (
				F96239A927A5F16A003C0B73 /* RestartApp */,
				F96239B927A5F16B003C0B73 /* RestartAppTests */,
				F96239C327A5F16B003C0B73 /* RestartAppUITests */,
			);
		};
/* End PBXProject section */

/* Begin PBXResourcesBuildPhase section */
		F96239A827A5F16A003C0B73 /* Resources */ = {
			isa = PBXResourcesBuildPhase;
			buildActionMask = 2147483647;
			files = (
				F96239DA27A5F2FC003C0B73 /* chimeup.mp3 in Resources */,
				F96239B527A5F16B003C0B73 /* Preview Assets.xcassets in Resources */,
				F96239D927A5F2FC003C0B73 /* success.m4a in Resources */,
				F96239B227A5F16B003C0B73 /* Assets.xcassets in Resources */,
			);
			runOnlyForDeploymentPostprocessing = 0;
		};
		F96239B827A5F16B003C0B73 /* Resources */ = {
			isa = PBXResourcesBuildPhase;
			buildActionMask = 2147483647;
			files = (
			);
			runOnlyForDeploymentPostprocessing = 0;
		};
		F96239C227A5F16B003C0B73 /* Resources */ = {
			isa = PBXResourcesBuildPhase;
			buildActionMask = 2147483647;
			files = (
			);
			runOnlyForDeploymentPostprocessing = 0;
		};
/* End PBXResourcesBuildPhase section */

/* Begin PBXSourcesBuildPhase section */
		F96239A627A5F16A003C0B73 /* Sources */ = {
			isa = PBXSourcesBuildPhase;
			buildActionMask = 2147483647;
			files = (
				F9463D3027B0753100323B3F /* CircleGroupView.swift in Sources */,
				F9463D2B27AF324A00323B3F /* HomeView.swift in Sources */,
				F96239B027A5F16A003C0B73 /* ContentView.swift in Sources */,
				F9463D2D27AF326300323B3F /* OnBoadingView.swift in Sources */,
				F96239AE27A5F16A003C0B73 /* RestartAppApp.swift in Sources */,
				F9E81D7327C34B6C0070944A /* AudioPlayer.swift in Sources */,
			);
			runOnlyForDeploymentPostprocessing = 0;
		};
		F96239B627A5F16B003C0B73 /* Sources */ = {
			isa = PBXSourcesBuildPhase;
			buildActionMask = 2147483647;
			files = (
				F96239BF27A5F16B003C0B73 /* RestartAppTests.swift in Sources */,
			);
			runOnlyForDeploymentPostprocessing = 0;
		};
		F96239C027A5F16B003C0B73 /* Sources */ = {
			isa = PBXSourcesBuildPhase;
			buildActionMask = 2147483647;
			files = (
				F96239CB27A5F16B003C0B73 /* RestartAppUITestsLaunchTests.swift in Sources */,
				F96239C927A5F16B003C0B73 /* RestartAppUITests.swift in Sources */,
			);
			runOnlyForDeploymentPostprocessing = 0;
		};
/* End PBXSourcesBuildPhase section */

/* Begin PBXTargetDependency section */
		F96239BC27A5F16B003C0B73 /* PBXTargetDependency */ = {
			isa = PBXTargetDependency;
			target = F96239A927A5F16A003C0B73 /* RestartApp */;
			targetProxy = F96239BB27A5F16B003C0B73 /* PBXContainerItemProxy */;
		};
		F96239C627A5F16B003C0B73 /* PBXTargetDependency */ = {
			isa = PBXTargetDependency;
			target = F96239A927A5F16A003C0B73 /* RestartApp */;
			targetProxy = F96239C527A5F16B003C0B73 /* PBXContainerItemProxy */;
		};
/* End PBXTargetDependency section */

/* Begin XCBuildConfiguration section */
		F96239CC27A5F16B003C0B73 /* Debug */ = {
			isa = XCBuildConfiguration;
			buildSettings = {
				ALWAYS_SEARCH_USER_PATHS = NO;
				CLANG_ANALYZER_NONNULL = YES;
				CLANG_ANALYZER_NUMBER_OBJECT_CONVERSION = YES_AGGRESSIVE;
				CLANG_CXX_LANGUAGE_STANDARD = "gnu++17";
				CLANG_CXX_LIBRARY = "libc++";
				CLANG_ENABLE_MODULES = YES;
				CLANG_ENABLE_OBJC_ARC = YES;
				CLANG_ENABLE_OBJC_WEAK = YES;
				CLANG_WARN_BLOCK_CAPTURE_AUTORELEASING = YES;
				CLANG_WARN_BOOL_CONVERSION = YES;
				CLANG_WARN_COMMA = YES;
				CLANG_WARN_CONSTANT_CONVERSION = YES;
				CLANG_WARN_DEPRECATED_OBJC_IMPLEMENTATIONS = YES;
				CLANG_WARN_DIRECT_OBJC_ISA_USAGE = YES_ERROR;
				CLANG_WARN_DOCUMENTATION_COMMENTS = YES;
				CLANG_WARN_EMPTY_BODY = YES;
				CLANG_WARN_ENUM_CONVERSION = YES;
				CLANG_WARN_INFINITE_RECURSION = YES;
				CLANG_WARN_INT_CONVERSION = YES;
				CLANG_WARN_NON_LITERAL_NULL_CONVERSION = YES;
				CLANG_WARN_OBJC_IMPLICIT_RETAIN_SELF = YES;
				CLANG_WARN_OBJC_LITERAL_CONVERSION = YES;
				CLANG_WARN_OBJC_ROOT_CLASS = YES_ERROR;
				CLANG_WARN_QUOTED_INCLUDE_IN_FRAMEWORK_HEADER = YES;
				CLANG_WARN_RANGE_LOOP_ANALYSIS = YES;
				CLANG_WARN_STRICT_PROTOTYPES = YES;
				CLANG_WARN_SUSPICIOUS_MOVE = YES;
				CLANG_WARN_UNGUARDED_AVAILABILITY = YES_AGGRESSIVE;
				CLANG_WARN_UNREACHABLE_CODE = YES;
				CLANG_WARN__DUPLICATE_METHOD_MATCH = YES;
				COPY_PHASE_STRIP = NO;
				DEBUG_INFORMATION_FORMAT = dwarf;
				ENABLE_STRICT_OBJC_MSGSEND = YES;
				ENABLE_TESTABILITY = YES;
				GCC_C_LANGUAGE_STANDARD = gnu11;
				GCC_DYNAMIC_NO_PIC = NO;
				GCC_NO_COMMON_BLOCKS = YES;
				GCC_OPTIMIZATION_LEVEL = 0;
				GCC_PREPROCESSOR_DEFINITIONS = (
					"DEBUG=1",
					"$(inherited)",
				);
				GCC_WARN_64_TO_32_BIT_CONVERSION = YES;
				GCC_WARN_ABOUT_RETURN_TYPE = YES_ERROR;
				GCC_WARN_UNDECLARED_SELECTOR = YES;
				GCC_WARN_UNINITIALIZED_AUTOS = YES_AGGRESSIVE;
				GCC_WARN_UNUSED_FUNCTION = YES;
				GCC_WARN_UNUSED_VARIABLE = YES;
				IPHONEOS_DEPLOYMENT_TARGET = 15.0;
				MTL_ENABLE_DEBUG_INFO = INCLUDE_SOURCE;
				MTL_FAST_MATH = YES;
				ONLY_ACTIVE_ARCH = YES;
				SDKROOT = iphoneos;
				SWIFT_ACTIVE_COMPILATION_CONDITIONS = DEBUG;
				SWIFT_OPTIMIZATION_LEVEL = "-Onone";
			};
			name = Debug;
		};
		F96239CD27A5F16B003C0B73 /* Release */ = {
			isa = XCBuildConfiguration;
			buildSettings = {
				ALWAYS_SEARCH_USER_PATHS = NO;
				CLANG_ANALYZER_NONNULL = YES;
				CLANG_ANALYZER_NUMBER_OBJECT_CONVERSION = YES_AGGRESSIVE;
				CLANG_CXX_LANGUAGE_STANDARD = "gnu++17";
				CLANG_CXX_LIBRARY = "libc++";
				CLANG_ENABLE_MODULES = YES;
				CLANG_ENABLE_OBJC_ARC = YES;
				CLANG_ENABLE_OBJC_WEAK = YES;
				CLANG_WARN_BLOCK_CAPTURE_AUTORELEASING = YES;
				CLANG_WARN_BOOL_CONVERSION = YES;
				CLANG_WARN_COMMA = YES;
				CLANG_WARN_CONSTANT_CONVERSION = YES;
				CLANG_WARN_DEPRECATED_OBJC_IMPLEMENTATIONS = YES;
				CLANG_WARN_DIRECT_OBJC_ISA_USAGE = YES_ERROR;
				CLANG_WARN_DOCUMENTATION_COMMENTS = YES;
				CLANG_WARN_EMPTY_BODY = YES;
				CLANG_WARN_ENUM_CONVERSION = YES;
				CLANG_WARN_INFINITE_RECURSION = YES;
				CLANG_WARN_INT_CONVERSION = YES;
				CLANG_WARN_NON_LITERAL_NULL_CONVERSION = YES;
				CLANG_WARN_OBJC_IMPLICIT_RETAIN_SELF = YES;
				CLANG_WARN_OBJC_LITERAL_CONVERSION = YES;
				CLANG_WARN_OBJC_ROOT_CLASS = YES_ERROR;
				CLANG_WARN_QUOTED_INCLUDE_IN_FRAMEWORK_HEADER = YES;
				CLANG_WARN_RANGE_LOOP_ANALYSIS = YES;
				CLANG_WARN_STRICT_PROTOTYPES = YES;
				CLANG_WARN_SUSPICIOUS_MOVE = YES;
				CLANG_WARN_UNGUARDED_AVAILABILITY = YES_AGGRESSIVE;
				CLANG_WARN_UNREACHABLE_CODE = YES;
				CLANG_WARN__DUPLICATE_METHOD_MATCH = YES;
				COPY_PHASE_STRIP = NO;
				DEBUG_INFORMATION_FORMAT = "dwarf-with-dsym";
				ENABLE_NS_ASSERTIONS = NO;
				ENABLE_STRICT_OBJC_MSGSEND = YES;
				GCC_C_LANGUAGE_STANDARD = gnu11;
				GCC_NO_COMMON_BLOCKS = YES;
				GCC_WARN_64_TO_32_BIT_CONVERSION = YES;
				GCC_WARN_ABOUT_RETURN_TYPE = YES_ERROR;
				GCC_WARN_UNDECLARED_SELECTOR = YES;
				GCC_WARN_UNINITIALIZED_AUTOS = YES_AGGRESSIVE;
				GCC_WARN_UNUSED_FUNCTION = YES;
				GCC_WARN_UNUSED_VARIABLE = YES;
				IPHONEOS_DEPLOYMENT_TARGET = 15.0;
				MTL_ENABLE_DEBUG_INFO = NO;
				MTL_FAST_MATH = YES;
				SDKROOT = iphoneos;
				SWIFT_COMPILATION_MODE = wholemodule;
				SWIFT_OPTIMIZATION_LEVEL = "-O";
				VALIDATE_PRODUCT = YES;
			};
			name = Release;
		};
		F96239CF27A5F16B003C0B73 /* Debug */ = {
			isa = XCBuildConfiguration;
			buildSettings = {
				ASSETCATALOG_COMPILER_APPICON_NAME = AppIcon;
				ASSETCATALOG_COMPILER_GLOBAL_ACCENT_COLOR_NAME = AccentColor;
				CODE_SIGN_STYLE = Automatic;
				CURRENT_PROJECT_VERSION = 1;
				DEVELOPMENT_ASSET_PATHS = "\"RestartApp/Preview Content\"";
				DEVELOPMENT_TEAM = 28KT9M7J7A;
				ENABLE_PREVIEWS = YES;
				GENERATE_INFOPLIST_FILE = YES;
				INFOPLIST_FILE = RestartApp/Info.plist;
				INFOPLIST_KEY_UIApplicationSceneManifest_Generation = YES;
				INFOPLIST_KEY_UIApplicationSupportsIndirectInputEvents = YES;
				INFOPLIST_KEY_UISupportedInterfaceOrientations_iPad = "UIInterfaceOrientationPortrait UIInterfaceOrientationPortraitUpsideDown UIInterfaceOrientationLandscapeLeft UIInterfaceOrientationLandscapeRight";
				INFOPLIST_KEY_UISupportedInterfaceOrientations_iPhone = UIInterfaceOrientationPortrait;
				LD_RUNPATH_SEARCH_PATHS = (
					"$(inherited)",
					"@executable_path/Frameworks",
				);
				MARKETING_VERSION = 1.0;
				PRODUCT_BUNDLE_IDENTIFIER = "com.felnanuke.video-player.RestartApp";
				PRODUCT_NAME = "$(TARGET_NAME)";
				SWIFT_EMIT_LOC_STRINGS = YES;
				SWIFT_VERSION = 5.0;
				TARGETED_DEVICE_FAMILY = "1,2";
			};
			name = Debug;
		};
		F96239D027A5F16B003C0B73 /* Release */ = {
			isa = XCBuildConfiguration;
			buildSettings = {
				ASSETCATALOG_COMPILER_APPICON_NAME = AppIcon;
				ASSETCATALOG_COMPILER_GLOBAL_ACCENT_COLOR_NAME = AccentColor;
				CODE_SIGN_STYLE = Automatic;
				CURRENT_PROJECT_VERSION = 1;
				DEVELOPMENT_ASSET_PATHS = "\"RestartApp/Preview Content\"";
				DEVELOPMENT_TEAM = 28KT9M7J7A;
				ENABLE_PREVIEWS = YES;
				GENERATE_INFOPLIST_FILE = YES;
				INFOPLIST_FILE = RestartApp/Info.plist;
				INFOPLIST_KEY_UIApplicationSceneManifest_Generation = YES;
				INFOPLIST_KEY_UIApplicationSupportsIndirectInputEvents = YES;
				INFOPLIST_KEY_UISupportedInterfaceOrientations_iPad = "UIInterfaceOrientationPortrait UIInterfaceOrientationPortraitUpsideDown UIInterfaceOrientationLandscapeLeft UIInterfaceOrientationLandscapeRight";
				INFOPLIST_KEY_UISupportedInterfaceOrientations_iPhone = UIInterfaceOrientationPortrait;
				LD_RUNPATH_SEARCH_PATHS = (
					"$(inherited)",
					"@executable_path/Frameworks",
				);
				MARKETING_VERSION = 1.0;
				PRODUCT_BUNDLE_IDENTIFIER = "com.felnanuke.video-player.RestartApp";
				PRODUCT_NAME = "$(TARGET_NAME)";
				SWIFT_EMIT_LOC_STRINGS = YES;
				SWIFT_VERSION = 5.0;
				TARGETED_DEVICE_FAMILY = "1,2";
			};
			name = Release;
		};
		F96239D227A5F16B003C0B73 /* Debug */ = {
			isa = XCBuildConfiguration;
			buildSettings = {
				ALWAYS_EMBED_SWIFT_STANDARD_LIBRARIES = YES;
				BUNDLE_LOADER = "$(TEST_HOST)";
				CODE_SIGN_STYLE = Automatic;
				CURRENT_PROJECT_VERSION = 1;
				DEVELOPMENT_TEAM = 28KT9M7J7A;
				GENERATE_INFOPLIST_FILE = YES;
				IPHONEOS_DEPLOYMENT_TARGET = 15.2;
				MARKETING_VERSION = 1.0;
				PRODUCT_BUNDLE_IDENTIFIER = "com.felnanuke.video-player.RestartAppTests";
				PRODUCT_NAME = "$(TARGET_NAME)";
				SWIFT_EMIT_LOC_STRINGS = NO;
				SWIFT_VERSION = 5.0;
				TARGETED_DEVICE_FAMILY = "1,2";
				TEST_HOST = "$(BUILT_PRODUCTS_DIR)/RestartApp.app/RestartApp";
			};
			name = Debug;
		};
		F96239D327A5F16B003C0B73 /* Release */ = {
			isa = XCBuildConfiguration;
			buildSettings = {
				ALWAYS_EMBED_SWIFT_STANDARD_LIBRARIES = YES;
				BUNDLE_LOADER = "$(TEST_HOST)";
				CODE_SIGN_STYLE = Automatic;
				CURRENT_PROJECT_VERSION = 1;
				DEVELOPMENT_TEAM = 28KT9M7J7A;
				GENERATE_INFOPLIST_FILE = YES;
				IPHONEOS_DEPLOYMENT_TARGET = 15.2;
				MARKETING_VERSION = 1.0;
				PRODUCT_BUNDLE_IDENTIFIER = "com.felnanuke.video-player.RestartAppTests";
				PRODUCT_NAME = "$(TARGET_NAME)";
				SWIFT_EMIT_LOC_STRINGS = NO;
				SWIFT_VERSION = 5.0;
				TARGETED_DEVICE_FAMILY = "1,2";
				TEST_HOST = "$(BUILT_PRODUCTS_DIR)/RestartApp.app/RestartApp";
			};
			name = Release;
		};
		F96239D527A5F16B003C0B73 /* Debug */ = {
			isa = XCBuildConfiguration;
			buildSettings = {
				ALWAYS_EMBED_SWIFT_STANDARD_LIBRARIES = YES;
				CODE_SIGN_STYLE = Automatic;
				CURRENT_PROJECT_VERSION = 1;
				DEVELOPMENT_TEAM = 28KT9M7J7A;
				GENERATE_INFOPLIST_FILE = YES;
				MARKETING_VERSION = 1.0;
				PRODUCT_BUNDLE_IDENTIFIER = "com.felnanuke.video-player.RestartAppUITests";
				PRODUCT_NAME = "$(TARGET_NAME)";
				SWIFT_EMIT_LOC_STRINGS = NO;
				SWIFT_VERSION = 5.0;
				TARGETED_DEVICE_FAMILY = "1,2";
				TEST_TARGET_NAME = RestartApp;
			};
			name = Debug;
		};
		F96239D627A5F16B003C0B73 /* Release */ = {
			isa = XCBuildConfiguration;
			buildSettings = {
				ALWAYS_EMBED_SWIFT_STANDARD_LIBRARIES = YES;
				CODE_SIGN_STYLE = Automatic;
				CURRENT_PROJECT_VERSION = 1;
				DEVELOPMENT_TEAM = 28KT9M7J7A;
				GENERATE_INFOPLIST_FILE = YES;
				MARKETING_VERSION = 1.0;
				PRODUCT_BUNDLE_IDENTIFIER = "com.felnanuke.video-player.RestartAppUITests";
				PRODUCT_NAME = "$(TARGET_NAME)";
				SWIFT_EMIT_LOC_STRINGS = NO;
				SWIFT_VERSION = 5.0;
				TARGETED_DEVICE_FAMILY = "1,2";
				TEST_TARGET_NAME = RestartApp;
			};
			name = Release;
		};
/* End XCBuildConfiguration section */

/* Begin XCConfigurationList section */
		F96239A527A5F16A003C0B73 /* Build configuration list for PBXProject "RestartApp" */ = {
			isa = XCConfigurationList;
			buildConfigurations = (
				F96239CC27A5F16B003C0B73 /* Debug */,
				F96239CD27A5F16B003C0B73 /* Release */,
			);
			defaultConfigurationIsVisible = 0;
			defaultConfigurationName = Release;
		};
		F96239CE27A5F16B003C0B73 /* Build configuration list for PBXNativeTarget "RestartApp" */ = {
			isa = XCConfigurationList;
			buildConfigurations = (
				F96239CF27A5F16B003C0B73 /* Debug */,
				F96239D027A5F16B003C0B73 /* Release */,
			);
			defaultConfigurationIsVisible = 0;
			defaultConfigurationName = Release;
		};
		F96239D127A5F16B003C0B73 /* Build configuration list for PBXNativeTarget "RestartAppTests" */ = {
			isa = XCConfigurationList;
			buildConfigurations = (
				F96239D227A5F16B003C0B73 /* Debug */,
				F96239D327A5F16B003C0B73 /* Release */,
			);
			defaultConfigurationIsVisible = 0;
			defaultConfigurationName = Release;
		};
		F96239D427A5F16B003C0B73 /* Build configuration list for PBXNativeTarget "RestartAppUITests" */ = {
			isa = XCConfigurationList;
			buildConfigurations = (
				F96239D527A5F16B003C0B73 /* Debug */,
				F96239D627A5F16B003C0B73 /* Release */,
			);
			defaultConfigurationIsVisible = 0;
			defaultConfigurationName = Release;
		};
/* End XCConfigurationList section */
	};
	rootObject = F96239A227A5F16A003C0B73 /* Project object */;
}
